hash: f2c7013283feb79dbd227ceb7d3497598dfc92fe5a3dcf841b5b4d42edfd7066
updated: 2017-11-02T08:24:42.777792145-04:00
imports:
- name: github.com/jroimartin/gocui
  version: 4f518eddb04b8f73870836b6d1941e8aa3c06637
- name: github.com/mattn/go-runewidth
  version: 97311d9f7767e3d6f422ea06661bc2c7a19e8a5d
- name: github.com/nsf/termbox-go
  version: 10cefba34bc5e7a6e5df0836a42513c28a10e074
testImports: []
